
Microsoft Visual Studio Solution File, Format Version 12.00
# Visual Studio Version 16
VisualStudioVersion = 16.0.29519.181
MinimumVisualStudioVersion = 10.0.40219.1
Project("{FAE04EC0-301F-11D3-BF4B-00C04F79EFBC}") = "sqlPractice", "sqlPractice\sqlPractice.csproj", "{B426B7A7-9307-4478-80FC-BBCD8AF0FCFA}"
EndProject
Global
	GlobalSection(SolutionConfigurationPlatforms) = preSolution
		Debug|Any CPU = Debug|Any CPU
		Release|Any CPU = Release|Any CPU
	EndGlobalSection
	GlobalSection(ProjectConfigurationPlatforms) = postSolution
		{B426B7A7-9307-4478-80FC-BBCD8AF0FCFA}.Debug|Any CPU.ActiveCfg = Debug|Any CPU
		{B426B7A7-9307-4478-80FC-BBCD8AF0FCFA}.Debug|Any CPU.Build.0 = Debug|Any CPU
		{B426B7A7-9307-4478-80FC-BBCD8AF0FCFA}.Release|Any CPU.ActiveCfg = Release|Any CPU
		{B426B7A7-9307-4478-80FC-BBCD8AF0FCFA}.Release|Any CPU.Build.0 = Release|Any CPU
	EndGlobalSection
	GlobalSection(SolutionProperties) = preSolution
		HideSolutionNode = FALSE
	EndGlobalSection
	GlobalSection(ExtensibilityGlobals) = postSolution
		SolutionGuid = {13A3FA68-777C-4E31-A838-5086FF9AA9A8}
	EndGlobalSection
EndGlobal
